Microsoft Visual Studio Solution File, Format Version 12.00
# Visual Studio 2012
Project("{FAE04EC0-301F-11D3-BF4B-00C04F79EFBC}") = "SeekingRedemptionBeyondSword", "SeekingRedemptionBeyondSword.csproj", "{583EA87F-B14A-4CBD-8F36-7A25CC05EA50}"
EndProject
Global
	GlobalSection(SolutionConfigurationPlatforms) = preSolution
	Debug|Any CPU = Debug|Any CPU
	ExportDebug|Any CPU = ExportDebug|Any CPU
	ExportRelease|Any CPU = ExportRelease|Any CPU
	EndGlobalSection
	GlobalSection(ProjectConfigurationPlatforms) = postSolution
		{583EA87F-B14A-4CBD-8F36-7A25CC05EA50}.Debug|Any CPU.ActiveCfg = Debug|Any CPU
		{583EA87F-B14A-4CBD-8F36-7A25CC05EA50}.Debug|Any CPU.Build.0 = Debug|Any CPU
		{583EA87F-B14A-4CBD-8F36-7A25CC05EA50}.ExportDebug|Any CPU.ActiveCfg = ExportDebug|Any CPU
		{583EA87F-B14A-4CBD-8F36-7A25CC05EA50}.ExportDebug|Any CPU.Build.0 = ExportDebug|Any CPU
		{583EA87F-B14A-4CBD-8F36-7A25CC05EA50}.ExportRelease|Any CPU.ActiveCfg = ExportRelease|Any CPU
		{583EA87F-B14A-4CBD-8F36-7A25CC05EA50}.ExportRelease|Any CPU.Build.0 = ExportRelease|Any CPU
	EndGlobalSection
EndGlobal
